{
  "requires": true,
  "lockfileVersion": 1,
  "dependencies": {
    "@calcom/embed-core": {
      "version": "1.4.0",
      "resolved": "https://registry.npmjs.org/@calcom/embed-core/-/embed-core-1.4.0.tgz",
      "integrity": "sha512-2UKrUZkyyS0JxSj0uMNKk5JZ7wmdGNw4ki2K8pW71LnNxe52d7r//jtsRvJ2tJuQdrh+XRdbFy35SrmEjCFrAw=="
    },
    "@calcom/embed-react": {
      "version": "1.4.0",
      "resolved": "https://registry.npmjs.org/@calcom/embed-react/-/embed-react-1.4.0.tgz",
      "integrity": "sha512-ZHiTYbNk3GVUAUaGClS/GcYSoaHMRtx0OvzjpXDMCo8Up+v9cj4V8b3zb3vmAaJQsYpheVCwdmaZiB20L/WxHA==",
      "requires": {
        "@calcom/embed-core": "1.4.0",
        "@calcom/embed-snippet": "1.2.0"
      }
    },
    "@calcom/embed-snippet": {
      "version": "1.2.0",
      "resolved": "https://registry.npmjs.org/@calcom/embed-snippet/-/embed-snippet-1.2.0.tgz",
      "integrity": "sha512-GbqxIkhKDdVafyEovz95HvMONIxcyF3CSFIadOpKtKXnRPkro95V8vIIJWqRVm+eYpCYOCSjXPt31iMpFiA/6A==",
      "requires": {
        "@calcom/embed-core": "1.4.0"
      }
    }
  }
}
